
Microsoft Visual Studio Solution File, Format Version 12.00
# Visual Studio Version 17
VisualStudioVersion = 17.8.34322.80
MinimumVisualStudioVersion = 10.0.40219.1
Project("{8BC9CEB8-8B4A-11D0-8D11-00A0C91BC942}") = "2Dakusyon", "2Dakusyon.vcxproj", "{BC371A29-2DCD-471C-B7A8-6611D9A54C91}"
EndProject
Global
	GlobalSection(SolutionConfigurationPlatforms) = preSolution
		Debug|x64 = Debug|x64
		Debug|x86 = Debug|x86
		Release|x64 = Release|x64
		Release|x86 = Release|x86
	EndGlobalSection
	GlobalSection(ProjectConfigurationPlatforms) = postSolution
		{BC371A29-2DCD-471C-B7A8-6611D9A54C91}.Debug|x64.ActiveCfg = Debug|x64
		{BC371A29-2DCD-471C-B7A8-6611D9A54C91}.Debug|x64.Build.0 = Debug|x64
		{BC371A29-2DCD-471C-B7A8-6611D9A54C91}.Debug|x86.ActiveCfg = Debug|Win32
		{BC371A29-2DCD-471C-B7A8-6611D9A54C91}.Debug|x86.Build.0 = Debug|Win32
		{BC371A29-2DCD-471C-B7A8-6611D9A54C91}.Release|x64.ActiveCfg = Release|x64
		{BC371A29-2DCD-471C-B7A8-6611D9A54C91}.Release|x64.Build.0 = Release|x64
		{BC371A29-2DCD-471C-B7A8-6611D9A54C91}.Release|x86.ActiveCfg = Release|Win32
		{BC371A29-2DCD-471C-B7A8-6611D9A54C91}.Release|x86.Build.0 = Release|Win32
	EndGlobalSection
	GlobalSection(SolutionProperties) = preSolution
		HideSolutionNode = FALSE
	EndGlobalSection
	GlobalSection(ExtensibilityGlobals) = postSolution
		SolutionGuid = {B24CE347-6428-438F-A26F-5F2ECA53CD6F}
	EndGlobalSection
EndGlobal
